
Microsoft Visual Studio Solution File, Format Version 12.00
# Visual Studio Version 17
VisualStudioVersion = 17.5.33516.290
MinimumVisualStudioVersion = 10.0.40219.1
Project("{8BC9CEB8-8B4A-11D0-8D11-00A0C91BC942}") = "callstack", "callstack\callstack.vcxproj", "{F0CC7DE9-7D27-4E92-B011-6A46570512C9}"
EndProject
Project("{FAE04EC0-301F-11D3-BF4B-00C04F79EFBC}") = "callstackDOTNET", "callstackDOTNET\callstackDOTNET.csproj", "{14559D15-DC57-4753-B0AC-2C8C925E71EA}"
EndProject
Global
	GlobalSection(SolutionConfigurationPlatforms) = preSolution
		Debug|Any CPU = Debug|Any CPU
		Debug|x64 = Debug|x64
		Debug|x86 = Debug|x86
		Release|Any CPU = Release|Any CPU
		Release|x64 = Release|x64
		Release|x86 = Release|x86
	EndGlobalSection
	GlobalSection(ProjectConfigurationPlatforms) = postSolution
		{F0CC7DE9-7D27-4E92-B011-6A46570512C9}.Debug|Any CPU.ActiveCfg = Debug|x64
		{F0CC7DE9-7D27-4E92-B011-6A46570512C9}.Debug|Any CPU.Build.0 = Debug|x64
		{F0CC7DE9-7D27-4E92-B011-6A46570512C9}.Debug|x64.ActiveCfg = Debug|x64
		{F0CC7DE9-7D27-4E92-B011-6A46570512C9}.Debug|x64.Build.0 = Debug|x64
		{F0CC7DE9-7D27-4E92-B011-6A46570512C9}.Debug|x86.ActiveCfg = Debug|Win32
		{F0CC7DE9-7D27-4E92-B011-6A46570512C9}.Debug|x86.Build.0 = Debug|Win32
		{F0CC7DE9-7D27-4E92-B011-6A46570512C9}.Release|Any CPU.ActiveCfg = Release|x64
		{F0CC7DE9-7D27-4E92-B011-6A46570512C9}.Release|Any CPU.Build.0 = Release|x64
		{F0CC7DE9-7D27-4E92-B011-6A46570512C9}.Release|x64.ActiveCfg = Release|x64
		{F0CC7DE9-7D27-4E92-B011-6A46570512C9}.Release|x64.Build.0 = Release|x64
		{F0CC7DE9-7D27-4E92-B011-6A46570512C9}.Release|x86.ActiveCfg = Release|Win32
		{F0CC7DE9-7D27-4E92-B011-6A46570512C9}.Release|x86.Build.0 = Release|Win32
		{14559D15-DC57-4753-B0AC-2C8C925E71EA}.Debug|Any CPU.ActiveCfg = Debug|Any CPU
		{14559D15-DC57-4753-B0AC-2C8C925E71EA}.Debug|Any CPU.Build.0 = Debug|Any CPU
		{14559D15-DC57-4753-B0AC-2C8C925E71EA}.Debug|x64.ActiveCfg = Debug|Any CPU
		{14559D15-DC57-4753-B0AC-2C8C925E71EA}.Debug|x64.Build.0 = Debug|Any CPU
		{14559D15-DC57-4753-B0AC-2C8C925E71EA}.Debug|x86.ActiveCfg = Debug|Any CPU
		{14559D15-DC57-4753-B0AC-2C8C925E71EA}.Debug|x86.Build.0 = Debug|Any CPU
		{14559D15-DC57-4753-B0AC-2C8C925E71EA}.Release|Any CPU.ActiveCfg = Release|Any CPU
		{14559D15-DC57-4753-B0AC-2C8C925E71EA}.Release|Any CPU.Build.0 = Release|Any CPU
		{14559D15-DC57-4753-B0AC-2C8C925E71EA}.Release|x64.ActiveCfg = Release|x64
		{14559D15-DC57-4753-B0AC-2C8C925E71EA}.Release|x64.Build.0 = Release|x64
		{14559D15-DC57-4753-B0AC-2C8C925E71EA}.Release|x86.ActiveCfg = Release|Any CPU
		{14559D15-DC57-4753-B0AC-2C8C925E71EA}.Release|x86.Build.0 = Release|Any CPU
	EndGlobalSection
	GlobalSection(SolutionProperties) = preSolution
		HideSolutionNode = FALSE
	EndGlobalSection
	GlobalSection(ExtensibilityGlobals) = postSolution
		SolutionGuid = {EF25F738-E704-4719-98AB-510E19A89EED}
	EndGlobalSection
EndGlobal
